
Microsoft Visual Studio Solution File, Format Version 12.00
# Visual Studio Version 16
VisualStudioVersion = 16.0.31729.503
MinimumVisualStudioVersion = 10.0.40219.1
Project("{9A19103F-16F7-4668-BE54-9A1E7A4F7556}") = "leave-management", "leave-management\leave-management.csproj", "{C7CCF13E-004F-4239-A2AC-BA5C4936A1A7}"
EndProject
Global
	GlobalSection(SolutionConfigurationPlatforms) = preSolution
		Debug|Any CPU = Debug|Any CPU
		Release|Any CPU = Release|Any CPU
	EndGlobalSection
	GlobalSection(ProjectConfigurationPlatforms) = postSolution
		{C7CCF13E-004F-4239-A2AC-BA5C4936A1A7}.Debug|Any CPU.ActiveCfg = Debug|Any CPU
		{C7CCF13E-004F-4239-A2AC-BA5C4936A1A7}.Debug|Any CPU.Build.0 = Debug|Any CPU
		{C7CCF13E-004F-4239-A2AC-BA5C4936A1A7}.Release|Any CPU.ActiveCfg = Release|Any CPU
		{C7CCF13E-004F-4239-A2AC-BA5C4936A1A7}.Release|Any CPU.Build.0 = Release|Any CPU
	EndGlobalSection
	GlobalSection(SolutionProperties) = preSolution
		HideSolutionNode = FALSE
	EndGlobalSection
	GlobalSection(ExtensibilityGlobals) = postSolution
		SolutionGuid = {266B0BF4-29B7-4C58-8DC0-883ADF035A02}
	EndGlobalSection
EndGlobal
